// !$*UTF8*$!
{
	archiveVersion = 1;
	classes = {
	};
	objectVersion = 55;
	objects = {

/* Begin PBXBuildFile section */
		EA69042E290D44660000BF2F /* AppDelegate.swift in Sources */ = {isa = PBXBuildFile; fileRef = EA69042D290D44660000BF2F /* AppDelegate.swift */; };
		EA690430290D44660000BF2F /* SceneDelegate.swift in Sources */ = {isa = PBXBuildFile; fileRef = EA69042F290D44660000BF2F /* SceneDelegate.swift */; };
		EA690432290D44660000BF2F /* MainViewController.swift in Sources */ = {isa = PBXBuildFile; fileRef = EA690431290D44660000BF2F /* MainViewController.swift */; };
		EA690435290D44660000BF2F /* Main.storyboard in Resources */ = {isa = PBXBuildFile; fileRef = EA690433290D44660000BF2F /* Main.storyboard */; };
		EA690437290D44690000BF2F /* Assets.xcassets in Resources */ = {isa = PBXBuildFile; fileRef = EA690436290D44690000BF2F /* Assets.xcassets */; };
		EA69043A290D44690000BF2F /* LaunchScreen.storyboard in Resources */ = {isa = PBXBuildFile; fileRef = EA690438290D44690000BF2F /* LaunchScreen.storyboard */; };
		EA690442290D4F210000BF2F /* MainViewModel.swift in Sources */ = {isa = PBXBuildFile; fileRef = EA690441290D4F210000BF2F /* MainViewModel.swift */; };
		EA690445290D50470000BF2F /* MainTableViewCell.swift in Sources */ = {isa = PBXBuildFile; fileRef = EA690443290D50470000BF2F /* MainTableViewCell.swift */; };
		EA690446290D50470000BF2F /* MainTableViewCell.xib in Resources */ = {isa = PBXBuildFile; fileRef = EA690444290D50470000BF2F /* MainTableViewCell.xib */; };
		EA69044C290D5A2F0000BF2F /* WebService.swift in Sources */ = {isa = PBXBuildFile; fileRef = EA69044B290D5A2F0000BF2F /* WebService.swift */; };
		EA69044F290D5BB80000BF2F /* MainModel.swift in Sources */ = {isa = PBXBuildFile; fileRef = EA69044E290D5BB80000BF2F /* MainModel.swift */; };
		EA690454290D639B0000BF2F /* Extensions.swift in Sources */ = {isa = PBXBuildFile; fileRef = EA690453290D639B0000BF2F /* Extensions.swift */; };
/* End PBXBuildFile section */

/* Begin PBXFileReference section */
		EA69042A290D44660000BF2F /* PointoApp.app */ = {isa = PBXFileReference; explicitFileType = wrapper.application; includeInIndex = 0; path = PointoApp.app; sourceTree = BUILT_PRODUCTS_DIR; };
		EA69042D290D44660000BF2F /* AppDelegate.swift */ = {isa = PBXFileReference; lastKnownFileType = sourcecode.swift; path = AppDelegate.swift; sourceTree = "<group>"; };
		EA69042F290D44660000BF2F /* SceneDelegate.swift */ = {isa = PBXFileReference; lastKnownFileType = sourcecode.swift; path = SceneDelegate.swift; sourceTree = "<group>"; };
		EA690431290D44660000BF2F /* MainViewController.swift */ = {isa = PBXFileReference; lastKnownFileType = sourcecode.swift; path = MainViewController.swift; sourceTree = "<group>"; };
		EA690434290D44660000BF2F /* Base */ = {isa = PBXFileReference; lastKnownFileType = file.storyboard; name = Base; path = Base.lproj/Main.storyboard; sourceTree = "<group>"; };
		EA690436290D44690000BF2F /* Assets.xcassets */ = {isa = PBXFileReference; lastKnownFileType = folder.assetcatalog; path = Assets.xcassets; sourceTree = "<group>"; };
		EA690439290D44690000BF2F /* Base */ = {isa = PBXFileReference; lastKnownFileType = file.storyboard; name = Base; path = Base.lproj/LaunchScreen.storyboard; sourceTree = "<group>"; };
		EA69043B290D44690000BF2F /* Info.plist */ = {isa = PBXFileReference; lastKnownFileType = text.plist.xml; path = Info.plist; sourceTree = "<group>"; };
		EA690441290D4F210000BF2F /* MainViewModel.swift */ = {isa = PBXFileReference; lastKnownFileType = sourcecode.swift; path = MainViewModel.swift; sourceTree = "<group>"; };
		EA690443290D50470000BF2F /* MainTableViewCell.swift */ = {isa = PBXFileReference; lastKnownFileType = sourcecode.swift; path = MainTableViewCell.swift; sourceTree = "<group>"; };
		EA690444290D50470000BF2F /* MainTableViewCell.xib */ = {isa = PBXFileReference; lastKnownFileType = file.xib; path = MainTableViewCell.xib; sourceTree = "<group>"; };
		EA69044B290D5A2F0000BF2F /* WebService.swift */ = {isa = PBXFileReference; lastKnownFileType = sourcecode.swift; path = WebService.swift; sourceTree = "<group>"; };
		EA69044E290D5BB80000BF2F /* MainModel.swift */ = {isa = PBXFileReference; lastKnownFileType = sourcecode.swift; path = MainModel.swift; sourceTree = "<group>"; };
		EA690453290D639B0000BF2F /* Extensions.swift */ = {isa = PBXFileReference; lastKnownFileType = sourcecode.swift; path = Extensions.swift; sourceTree = "<group>"; };
/* End PBXFileReference section */

/* Begin PBXFrameworksBuildPhase section */
		EA690427290D44660000BF2F /* Frameworks */ = {
			isa = PBXFrameworksBuildPhase;
			buildActionMask = 2147483647;
			files = (
			);
			runOnlyForDeploymentPostprocessing = 0;
		};
/* End PBXFrameworksBuildPhase section */

/* Begin PBXGroup section */
		EA690421290D44660000BF2F = {
			isa = PBXGroup;
			children = (
				EA69042C290D44660000BF2F /* PointoApp */,
				EA69042B290D44660000BF2F /* Products */,
			);
			sourceTree = "<group>";
		};
		EA69042B290D44660000BF2F /* Products */ = {
			isa = PBXGroup;
			children = (
				EA69042A290D44660000BF2F /* PointoApp.app */,
			);
			name = Products;
			sourceTree = "<group>";
		};
		EA69042C290D44660000BF2F /* PointoApp */ = {
			isa = PBXGroup;
			children = (
				EA690452290D638F0000BF2F /* Resources */,
				EA69044D290D5BA50000BF2F /* Model */,
				EA69044A290D5A200000BF2F /* Service */,
				EA690449290D55370000BF2F /* ViewModels */,
				EA690448290D55280000BF2F /* Controllers */,
				EA690447290D55170000BF2F /* Cells */,
				EA69042D290D44660000BF2F /* AppDelegate.swift */,
				EA69042F290D44660000BF2F /* SceneDelegate.swift */,
				EA690433290D44660000BF2F /* Main.storyboard */,
				EA690436290D44690000BF2F /* Assets.xcassets */,
				EA690438290D44690000BF2F /* LaunchScreen.storyboard */,
				EA69043B290D44690000BF2F /* Info.plist */,
			);
			path = PointoApp;
			sourceTree = "<group>";
		};
		EA690447290D55170000BF2F /* Cells */ = {
			isa = PBXGroup;
			children = (
				EA690443290D50470000BF2F /* MainTableViewCell.swift */,
				EA690444290D50470000BF2F /* MainTableViewCell.xib */,
			);
			path = Cells;
			sourceTree = "<group>";
		};
		EA690448290D55280000BF2F /* Controllers */ = {
			isa = PBXGroup;
			children = (
				EA690431290D44660000BF2F /* MainViewController.swift */,
			);
			path = Controllers;
			sourceTree = "<group>";
		};
		EA690449290D55370000BF2F /* ViewModels */ = {
			isa = PBXGroup;
			children = (
				EA690441290D4F210000BF2F /* MainViewModel.swift */,
			);
			path = ViewModels;
			sourceTree = "<group>";
		};
		EA69044A290D5A200000BF2F /* Service */ = {
			isa = PBXGroup;
			children = (
				EA69044B290D5A2F0000BF2F /* WebService.swift */,
			);
			path = Service;
			sourceTree = "<group>";
		};
		EA69044D290D5BA50000BF2F /* Model */ = {
			isa = PBXGroup;
			children = (
				EA69044E290D5BB80000BF2F /* MainModel.swift */,
			);
			path = Model;
			sourceTree = "<group>";
		};
		EA690452290D638F0000BF2F /* Resources */ = {
			isa = PBXGroup;
			children = (
				EA690453290D639B0000BF2F /* Extensions.swift */,
			);
			path = Resources;
			sourceTree = "<group>";
		};
/* End PBXGroup section */

/* Begin PBXNativeTarget section */
		EA690429290D44660000BF2F /* PointoApp */ = {
			isa = PBXNativeTarget;
			buildConfigurationList = EA69043E290D44690000BF2F /* Build configuration list for PBXNativeTarget "PointoApp" */;
			buildPhases = (
				EA690426290D44660000BF2F /* Sources */,
				EA690427290D44660000BF2F /* Frameworks */,
				EA690428290D44660000BF2F /* Resources */,
			);
			buildRules = (
			);
			dependencies = (
			);
			name = PointoApp;
			productName = PointoApp;
			productReference = EA69042A290D44660000BF2F /* PointoApp.app */;
			productType = "com.apple.product-type.application";
		};
/* End PBXNativeTarget section */

/* Begin PBXProject section */
		EA690422290D44660000BF2F /* Project object */ = {
			isa = PBXProject;
			attributes = {
				BuildIndependentTargetsInParallel = 1;
				LastSwiftUpdateCheck = 1340;
				LastUpgradeCheck = 1340;
				TargetAttributes = {
					EA690429290D44660000BF2F = {
						CreatedOnToolsVersion = 13.4.1;
					};
				};
			};
			buildConfigurationList = EA690425290D44660000BF2F /* Build configuration list for PBXProject "PointoApp" */;
			compatibilityVersion = "Xcode 13.0";
			developmentRegion = en;
			hasScannedForEncodings = 0;
			knownRegions = (
				en,
				Base,
			);
			mainGroup = EA690421290D44660000BF2F;
			productRefGroup = EA69042B290D44660000BF2F /* Products */;
			projectDirPath = "";
			projectRoot = "";
			targets = (
				EA690429290D44660000BF2F /* PointoApp */,
			);
		};
/* End PBXProject section */

/* Begin PBXResourcesBuildPhase section */
		EA690428290D44660000BF2F /* Resources */ = {
			isa = PBXResourcesBuildPhase;
			buildActionMask = 2147483647;
			files = (
				EA69043A290D44690000BF2F /* LaunchScreen.storyboard in Resources */,
				EA690437290D44690000BF2F /* Assets.xcassets in Resources */,
				EA690446290D50470000BF2F /* MainTableViewCell.xib in Resources */,
				EA690435290D44660000BF2F /* Main.storyboard in Resources */,
			);
			runOnlyForDeploymentPostprocessing = 0;
		};
/* End PBXResourcesBuildPhase section */

/* Begin PBXSourcesBuildPhase section */
		EA690426290D44660000BF2F /* Sources */ = {
			isa = PBXSourcesBuildPhase;
			buildActionMask = 2147483647;
			files = (
				EA69044C290D5A2F0000BF2F /* WebService.swift in Sources */,
				EA690432290D44660000BF2F /* MainViewController.swift in Sources */,
				EA69042E290D44660000BF2F /* AppDelegate.swift in Sources */,
				EA690454290D639B0000BF2F /* Extensions.swift in Sources */,
				EA69044F290D5BB80000BF2F /* MainModel.swift in Sources */,
				EA690430290D44660000BF2F /* SceneDelegate.swift in Sources */,
				EA690442290D4F210000BF2F /* MainViewModel.swift in Sources */,
				EA690445290D50470000BF2F /* MainTableViewCell.swift in Sources */,
			);
			runOnlyForDeploymentPostprocessing = 0;
		};
/* End PBXSourcesBuildPhase section */

/* Begin PBXVariantGroup section */
		EA690433290D44660000BF2F /* Main.storyboard */ = {
			isa = PBXVariantGroup;
			children = (
				EA690434290D44660000BF2F /* Base */,
			);
			name = Main.storyboard;
			sourceTree = "<group>";
		};
		EA690438290D44690000BF2F /* LaunchScreen.storyboard */ = {
			isa = PBXVariantGroup;
			children = (
				EA690439290D44690000BF2F /* Base */,
			);
			name = LaunchScreen.storyboard;
			sourceTree = "<group>";
		};
/* End PBXVariantGroup section */

/* Begin XCBuildConfiguration section */
		EA69043C290D44690000BF2F /* Debug */ = {
			isa = XCBuildConfiguration;
			buildSettings = {
				ALWAYS_SEARCH_USER_PATHS = NO;
				CLANG_ANALYZER_NONNULL = YES;
				CLANG_ANALYZER_NUMBER_OBJECT_CONVERSION = YES_AGGRESSIVE;
				CLANG_CXX_LANGUAGE_STANDARD = "gnu++17";
				CLANG_ENABLE_MODULES = YES;
				CLANG_ENABLE_OBJC_ARC = YES;
				CLANG_ENABLE_OBJC_WEAK = YES;
				CLANG_WARN_BLOCK_CAPTURE_AUTORELEASING = YES;
				CLANG_WARN_BOOL_CONVERSION = YES;
				CLANG_WARN_COMMA = YES;
				CLANG_WARN_CONSTANT_CONVERSION = YES;
				CLANG_WARN_DEPRECATED_OBJC_IMPLEMENTATIONS = YES;
				CLANG_WARN_DIRECT_OBJC_ISA_USAGE = YES_ERROR;
				CLANG_WARN_DOCUMENTATION_COMMENTS = YES;
				CLANG_WARN_EMPTY_BODY = YES;
				CLANG_WARN_ENUM_CONVERSION = YES;
				CLANG_WARN_INFINITE_RECURSION = YES;
				CLANG_WARN_INT_CONVERSION = YES;
				CLANG_WARN_NON_LITERAL_NULL_CONVERSION = YES;
				CLANG_WARN_OBJC_IMPLICIT_RETAIN_SELF = YES;
				CLANG_WARN_OBJC_LITERAL_CONVERSION = YES;
				CLANG_WARN_OBJC_ROOT_CLASS = YES_ERROR;
				CLANG_WARN_QUOTED_INCLUDE_IN_FRAMEWORK_HEADER = YES;
				CLANG_WARN_RANGE_LOOP_ANALYSIS = YES;
				CLANG_WARN_STRICT_PROTOTYPES = YES;
				CLANG_WARN_SUSPICIOUS_MOVE = YES;
				CLANG_WARN_UNGUARDED_AVAILABILITY = YES_AGGRESSIVE;
				CLANG_WARN_UNREACHABLE_CODE = YES;
				CLANG_WARN__DUPLICATE_METHOD_MATCH = YES;
				COPY_PHASE_STRIP = NO;
				DEBUG_INFORMATION_FORMAT = dwarf;
				ENABLE_STRICT_OBJC_MSGSEND = YES;
				ENABLE_TESTABILITY = YES;
				GCC_C_LANGUAGE_STANDARD = gnu11;
				GCC_DYNAMIC_NO_PIC = NO;
				GCC_NO_COMMON_BLOCKS = YES;
				GCC_OPTIMIZATION_LEVEL = 0;
				GCC_PREPROCESSOR_DEFINITIONS = (
					"DEBUG=1",
					"$(inherited)",
				);
				GCC_WARN_64_TO_32_BIT_CONVERSION = YES;
				GCC_WARN_ABOUT_RETURN_TYPE = YES_ERROR;
				GCC_WARN_UNDECLARED_SELECTOR = YES;
				GCC_WARN_UNINITIALIZED_AUTOS = YES_AGGRESSIVE;
				GCC_WARN_UNUSED_FUNCTION = YES;
				GCC_WARN_UNUSED_VARIABLE = YES;
				IPHONEOS_DEPLOYMENT_TARGET = 15.5;
				MTL_ENABLE_DEBUG_INFO = INCLUDE_SOURCE;
				MTL_FAST_MATH = YES;
				ONLY_ACTIVE_ARCH = YES;
				SDKROOT = iphoneos;
				SWIFT_ACTIVE_COMPILATION_CONDITIONS = DEBUG;
				SWIFT_OPTIMIZATION_LEVEL = "-Onone";
			};
			name = Debug;
		};
		EA69043D290D44690000BF2F /* Release */ = {
			isa = XCBuildConfiguration;
			buildSettings = {
				ALWAYS_SEARCH_USER_PATHS = NO;
				CLANG_ANALYZER_NONNULL = YES;
				CLANG_ANALYZER_NUMBER_OBJECT_CONVERSION = YES_AGGRESSIVE;
				CLANG_CXX_LANGUAGE_STANDARD = "gnu++17";
				CLANG_ENABLE_MODULES = YES;
				CLANG_ENABLE_OBJC_ARC = YES;
				CLANG_ENABLE_OBJC_WEAK = YES;
				CLANG_WARN_BLOCK_CAPTURE_AUTORELEASING = YES;
				CLANG_WARN_BOOL_CONVERSION = YES;
				CLANG_WARN_COMMA = YES;
				CLANG_WARN_CONSTANT_CONVERSION = YES;
				CLANG_WARN_DEPRECATED_OBJC_IMPLEMENTATIONS = YES;
				CLANG_WARN_DIRECT_OBJC_ISA_USAGE = YES_ERROR;
				CLANG_WARN_DOCUMENTATION_COMMENTS = YES;
				CLANG_WARN_EMPTY_BODY = YES;
				CLANG_WARN_ENUM_CONVERSION = YES;
				CLANG_WARN_INFINITE_RECURSION = YES;
				CLANG_WARN_INT_CONVERSION = YES;
				CLANG_WARN_NON_LITERAL_NULL_CONVERSION = YES;
				CLANG_WARN_OBJC_IMPLICIT_RETAIN_SELF = YES;
				CLANG_WARN_OBJC_LITERAL_CONVERSION = YES;
				CLANG_WARN_OBJC_ROOT_CLASS = YES_ERROR;
				CLANG_WARN_QUOTED_INCLUDE_IN_FRAMEWORK_HEADER = YES;
				CLANG_WARN_RANGE_LOOP_ANALYSIS = YES;
				CLANG_WARN_STRICT_PROTOTYPES = YES;
				CLANG_WARN_SUSPICIOUS_MOVE = YES;
				CLANG_WARN_UNGUARDED_AVAILABILITY = YES_AGGRESSIVE;
				CLANG_WARN_UNREACHABLE_CODE = YES;
				CLANG_WARN__DUPLICATE_METHOD_MATCH = YES;
				COPY_PHASE_STRIP = NO;
				DEBUG_INFORMATION_FORMAT = "dwarf-with-dsym";
				ENABLE_NS_ASSERTIONS = NO;
				ENABLE_STRICT_OBJC_MSGSEND = YES;
				GCC_C_LANGUAGE_STANDARD = gnu11;
				GCC_NO_COMMON_BLOCKS = YES;
				GCC_WARN_64_TO_32_BIT_CONVERSION = YES;
				GCC_WARN_ABOUT_RETURN_TYPE = YES_ERROR;
				GCC_WARN_UNDECLARED_SELECTOR = YES;
				GCC_WARN_UNINITIALIZED_AUTOS = YES_AGGRESSIVE;
				GCC_WARN_UNUSED_FUNCTION = YES;
				GCC_WARN_UNUSED_VARIABLE = YES;
				IPHONEOS_DEPLOYMENT_TARGET = 15.5;
				MTL_ENABLE_DEBUG_INFO = NO;
				MTL_FAST_MATH = YES;
				SDKROOT = iphoneos;
				SWIFT_COMPILATION_MODE = wholemodule;
				SWIFT_OPTIMIZATION_LEVEL = "-O";
				VALIDATE_PRODUCT = YES;
			};
			name = Release;
		};
		EA69043F290D44690000BF2F /* Debug */ = {
			isa = XCBuildConfiguration;
			buildSettings = {
				ASSETCATALOG_COMPILER_APPICON_NAME = AppIcon;
				ASSETCATALOG_COMPILER_GLOBAL_ACCENT_COLOR_NAME = AccentColor;
				CODE_SIGN_STYLE = Automatic;
				CURRENT_PROJECT_VERSION = 1;
				DEVELOPMENT_TEAM = 8WMHQ3J6DZ;
				GENERATE_INFOPLIST_FILE = YES;
				INFOPLIST_FILE = PointoApp/Info.plist;
				INFOPLIST_KEY_UIApplicationSupportsIndirectInputEvents = YES;
				INFOPLIST_KEY_UILaunchStoryboardName = LaunchScreen;
				INFOPLIST_KEY_UIMainStoryboardFile = Main;
				INFOPLIST_KEY_UISupportedInterfaceOrientations_iPad = "UIInterfaceOrientationPortrait UIInterfaceOrientationPortraitUpsideDown UIInterfaceOrientationLandscapeLeft UIInterfaceOrientationLandscapeRight";
				INFOPLIST_KEY_UISupportedInterfaceOrientations_iPhone = "UIInterfaceOrientationPortrait UIInterfaceOrientationLandscapeLeft UIInterfaceOrientationLandscapeRight";
				LD_RUNPATH_SEARCH_PATHS = (
					"$(inherited)",
					"@executable_path/Frameworks",
				);
				MARKETING_VERSION = 1.0;
				PRODUCT_BUNDLE_IDENTIFIER = ekremozkaraca.PointoApp;
				PRODUCT_NAME = "$(TARGET_NAME)";
				SWIFT_EMIT_LOC_STRINGS = YES;
				SWIFT_VERSION = 5.0;
				TARGETED_DEVICE_FAMILY = "1,2";
			};
			name = Debug;
		};
		EA690440290D44690000BF2F /* Release */ = {
			isa = XCBuildConfiguration;
			buildSettings = {
				ASSETCATALOG_COMPILER_APPICON_NAME = AppIcon;
				ASSETCATALOG_COMPILER_GLOBAL_ACCENT_COLOR_NAME = AccentColor;
				CODE_SIGN_STYLE = Automatic;
				CURRENT_PROJECT_VERSION = 1;
				DEVELOPMENT_TEAM = 8WMHQ3J6DZ;
				GENERATE_INFOPLIST_FILE = YES;
				INFOPLIST_FILE = PointoApp/Info.plist;
				INFOPLIST_KEY_UIApplicationSupportsIndirectInputEvents = YES;
				INFOPLIST_KEY_UILaunchStoryboardName = LaunchScreen;
				INFOPLIST_KEY_UIMainStoryboardFile = Main;
				INFOPLIST_KEY_UISupportedInterfaceOrientations_iPad = "UIInterfaceOrientationPortrait UIInterfaceOrientationPortraitUpsideDown UIInterfaceOrientationLandscapeLeft UIInterfaceOrientationLandscapeRight";
				INFOPLIST_KEY_UISupportedInterfaceOrientations_iPhone = "UIInterfaceOrientationPortrait UIInterfaceOrientationLandscapeLeft UIInterfaceOrientationLandscapeRight";
				LD_RUNPATH_SEARCH_PATHS = (
					"$(inherited)",
					"@executable_path/Frameworks",
				);
				MARKETING_VERSION = 1.0;
				PRODUCT_BUNDLE_IDENTIFIER = ekremozkaraca.PointoApp;
				PRODUCT_NAME = "$(TARGET_NAME)";
				SWIFT_EMIT_LOC_STRINGS = YES;
				SWIFT_VERSION = 5.0;
				TARGETED_DEVICE_FAMILY = "1,2";
			};
			name = Release;
		};
/* End XCBuildConfiguration section */

/* Begin XCConfigurationList section */
		EA690425290D44660000BF2F /* Build configuration list for PBXProject "PointoApp" */ = {
			isa = XCConfigurationList;
			buildConfigurations = (
				EA69043C290D44690000BF2F /* Debug */,
				EA69043D290D44690000BF2F /* Release */,
			);
			defaultConfigurationIsVisible = 0;
			defaultConfigurationName = Release;
		};
		EA69043E290D44690000BF2F /* Build configuration list for PBXNativeTarget "PointoApp" */ = {
			isa = XCConfigurationList;
			buildConfigurations = (
				EA69043F290D44690000BF2F /* Debug */,
				EA690440290D44690000BF2F /* Release */,
			);
			defaultConfigurationIsVisible = 0;
			defaultConfigurationName = Release;
		};
/* End XCConfigurationList section */
	};
	rootObject = EA690422290D44660000BF2F /* Project object */;
}
